PODS:
  - Alamofire (4.9.1)
  - AudioStreaming (1.2.6)
  - FeedKit (9.1.2)
  - Spring (1.0.6)
  - TuneURL (1.1.1)

DEPENDENCIES:
  - Alamofire (~> 4.9.0)
  - AudioStreaming
  - FeedKit (~> 9.1.0)
  - Spring (from `https://github.com/MengTo/Spring.git`)
  - TuneURL

SPEC REPOS:
  trunk:
    - Alamofire
    - AudioStreaming
    - FeedKit
    - TuneURL

EXTERNAL SOURCES:
  Spring:
    :git: https://github.com/MengTo/Spring.git

CHECKOUT OPTIONS:
  Spring:
    :commit: 50d92a5b9e08848387ae95bf44c6ad20834f7083
    :git: https://github.com/MengTo/Spring.git

SPEC CHECKSUMS:
  Alamofire: 85e8a02c69d6020a0d734f6054870d7ecb75cf18
  AudioStreaming: cfc8989b3573e4cedb937d0b18dfb096b53fff8f
  FeedKit: 71653273ab08e618cd6fd1301ca08fc02dca6a9e
  Spring: 3d113f14575ef79aec9c5f906dfa4f5001c03254
  TuneURL: 80f36c00915401c6286d7bdc1c32658488bf73aa

PODFILE CHECKSUM: 51598673b2041bb35299e436bb14f960f93558f2

COCOAPODS: 1.15.2
