PODS:
  - AudioStreaming (1.2.6)
  - Spring (1.0.6)
  - TuneURL (1.1.1)

DEPENDENCIES:
  - AudioStreaming
  - Spring (from `https://github.com/MengTo/Spring.git`)
  - TuneURL

SPEC REPOS:
  trunk:
    - AudioStreaming
    - TuneURL

EXTERNAL SOURCES:
  Spring:
    :git: https://github.com/MengTo/Spring.git

CHECKOUT OPTIONS:
  Spring:
    :commit: 50d92a5b9e08848387ae95bf44c6ad20834f7083
    :git: https://github.com/MengTo/Spring.git

SPEC CHECKSUMS:
  AudioStreaming: cfc8989b3573e4cedb937d0b18dfb096b53fff8f
  Spring: 3d113f14575ef79aec9c5f906dfa4f5001c03254
  TuneURL: 80f36c00915401c6286d7bdc1c32658488bf73aa

PODFILE CHECKSUM: ba798cb6d8633c7949a064b1d5d5ad00083d374d

COCOAPODS: 1.15.2
